// !$*UTF8*$!
{
	archiveVersion = 1;
	classes = {
	};
	objectVersion = 51;
	objects = {

/* Begin PBXBuildFile section */
		02F562A1200A4D1C66C90D43 /* libPods-RestaurantRoulette.a in Frameworks */ = {isa = PBXBuildFile; fileRef = 6970BE111B9A7AE3AAF6C8D4 /* libPods-RestaurantRoulette.a */; };
		C277FF3824D8955200DC1B5E /* Result.swift in Sources */ = {isa = PBXBuildFile; fileRef = C277FF3724D8955200DC1B5E /* Result.swift */; };
		C277FF3A24D8970100DC1B5E /* GoogleData.swift in Sources */ = {isa = PBXBuildFile; fileRef = C277FF3924D8970100DC1B5E /* GoogleData.swift */; };
		C2C08A7324D473AA007FB484 /* AppDelegate.swift in Sources */ = {isa = PBXBuildFile; fileRef = C2C08A7224D473AA007FB484 /* AppDelegate.swift */; };
		C2C08A7524D473AA007FB484 /* SceneDelegate.swift in Sources */ = {isa = PBXBuildFile; fileRef = C2C08A7424D473AA007FB484 /* SceneDelegate.swift */; };
		C2C08A7724D473AA007FB484 /* ContentView.swift in Sources */ = {isa = PBXBuildFile; fileRef = C2C08A7624D473AA007FB484 /* ContentView.swift */; };
		C2C08A7924D473AE007FB484 /* Assets.xcassets in Resources */ = {isa = PBXBuildFile; fileRef = C2C08A7824D473AE007FB484 /* Assets.xcassets */; };
		C2C08A7C24D473AE007FB484 /* Preview Assets.xcassets in Resources */ = {isa = PBXBuildFile; fileRef = C2C08A7B24D473AE007FB484 /* Preview Assets.xcassets */; };
		C2C08A7F24D473AE007FB484 /* LaunchScreen.storyboard in Resources */ = {isa = PBXBuildFile; fileRef = C2C08A7D24D473AE007FB484 /* LaunchScreen.storyboard */; };
		C2C08A8924D475B6007FB484 /* Config.swift in Sources */ = {isa = PBXBuildFile; fileRef = C2C08A8824D475B6007FB484 /* Config.swift */; };
		C2C08A8B24D480B3007FB484 /* FilterView.swift in Sources */ = {isa = PBXBuildFile; fileRef = C2C08A8A24D480B3007FB484 /* FilterView.swift */; };
		C2C08A8D24D4ADDC007FB484 /* PriceView.swift in Sources */ = {isa = PBXBuildFile; fileRef = C2C08A8C24D4ADDC007FB484 /* PriceView.swift */; };
		C2C08A8F24D4B1D9007FB484 /* GoogleMapsView.swift in Sources */ = {isa = PBXBuildFile; fileRef = C2C08A8E24D4B1D9007FB484 /* GoogleMapsView.swift */; };
		C2C08A9124D4B3C2007FB484 /* Podfile in Resources */ = {isa = PBXBuildFile; fileRef = C2C08A9024D4B3C2007FB484 /* Podfile */; };
		C2C08A9324D4B4D4007FB484 /* LocationManager.swift in Sources */ = {isa = PBXBuildFile; fileRef = C2C08A9224D4B4D4007FB484 /* LocationManager.swift */; };
/* End PBXBuildFile section */

/* Begin PBXFileReference section */
		6970BE111B9A7AE3AAF6C8D4 /* libPods-RestaurantRoulette.a */ = {isa = PBXFileReference; explicitFileType = archive.ar; includeInIndex = 0; path = "libPods-RestaurantRoulette.a"; sourceTree = BUILT_PRODUCTS_DIR; };
		C09707DFC52386CDF3068E84 /* Pods-RestaurantRoulette.release.xcconfig */ = {isa = PBXFileReference; includeInIndex = 1; lastKnownFileType = text.xcconfig; name = "Pods-RestaurantRoulette.release.xcconfig"; path = "Target Support Files/Pods-RestaurantRoulette/Pods-RestaurantRoulette.release.xcconfig"; sourceTree = "<group>"; };
		C277FF3724D8955200DC1B5E /* Result.swift */ = {isa = PBXFileReference; lastKnownFileType = sourcecode.swift; path = Result.swift; sourceTree = "<group>"; };
		C277FF3924D8970100DC1B5E /* GoogleData.swift */ = {isa = PBXFileReference; lastKnownFileType = sourcecode.swift; path = GoogleData.swift; sourceTree = "<group>"; };
		C2C08A6F24D473AA007FB484 /* RestaurantRoulette.app */ = {isa = PBXFileReference; explicitFileType = wrapper.application; includeInIndex = 0; path = RestaurantRoulette.app; sourceTree = BUILT_PRODUCTS_DIR; };
		C2C08A7224D473AA007FB484 /* AppDelegate.swift */ = {isa = PBXFileReference; lastKnownFileType = sourcecode.swift; path = AppDelegate.swift; sourceTree = "<group>"; };
		C2C08A7424D473AA007FB484 /* SceneDelegate.swift */ = {isa = PBXFileReference; lastKnownFileType = sourcecode.swift; path = SceneDelegate.swift; sourceTree = "<group>"; };
		C2C08A7624D473AA007FB484 /* ContentView.swift */ = {isa = PBXFileReference; lastKnownFileType = sourcecode.swift; path = ContentView.swift; sourceTree = "<group>"; };
		C2C08A7824D473AE007FB484 /* Assets.xcassets */ = {isa = PBXFileReference; lastKnownFileType = folder.assetcatalog; path = Assets.xcassets; sourceTree = "<group>"; };
		C2C08A7B24D473AE007FB484 /* Preview Assets.xcassets */ = {isa = PBXFileReference; lastKnownFileType = folder.assetcatalog; path = "Preview Assets.xcassets"; sourceTree = "<group>"; };
		C2C08A7E24D473AE007FB484 /* Base */ = {isa = PBXFileReference; lastKnownFileType = file.storyboard; name = Base; path = Base.lproj/LaunchScreen.storyboard; sourceTree = "<group>"; };
		C2C08A8024D473AE007FB484 /* Info.plist */ = {isa = PBXFileReference; lastKnownFileType = text.plist.xml; path = Info.plist; sourceTree = "<group>"; };
		C2C08A8824D475B6007FB484 /* Config.swift */ = {isa = PBXFileReference; lastKnownFileType = sourcecode.swift; path = Config.swift; sourceTree = "<group>"; };
		C2C08A8A24D480B3007FB484 /* FilterView.swift */ = {isa = PBXFileReference; lastKnownFileType = sourcecode.swift; path = FilterView.swift; sourceTree = "<group>"; };
		C2C08A8C24D4ADDC007FB484 /* PriceView.swift */ = {isa = PBXFileReference; lastKnownFileType = sourcecode.swift; path = PriceView.swift; sourceTree = "<group>"; };
		C2C08A8E24D4B1D9007FB484 /* GoogleMapsView.swift */ = {isa = PBXFileReference; lastKnownFileType = sourcecode.swift; path = GoogleMapsView.swift; sourceTree = "<group>"; };
		C2C08A9024D4B3C2007FB484 /* Podfile */ = {isa = PBXFileReference; lastKnownFileType = text; path = Podfile; sourceTree = "<group>"; xcLanguageSpecificationIdentifier = xcode.lang.ruby; };
		C2C08A9224D4B4D4007FB484 /* LocationManager.swift */ = {isa = PBXFileReference; lastKnownFileType = sourcecode.swift; path = LocationManager.swift; sourceTree = "<group>"; };
		FA2D75B0C8EA74928BC4804F /* Pods-RestaurantRoulette.debug.xcconfig */ = {isa = PBXFileReference; includeInIndex = 1; lastKnownFileType = text.xcconfig; name = "Pods-RestaurantRoulette.debug.xcconfig"; path = "Target Support Files/Pods-RestaurantRoulette/Pods-RestaurantRoulette.debug.xcconfig"; sourceTree = "<group>"; };
/* End PBXFileReference section */

/* Begin PBXFrameworksBuildPhase section */
		C2C08A6C24D473AA007FB484 /* Frameworks */ = {
			isa = PBXFrameworksBuildPhase;
			buildActionMask = 2147483647;
			files = (
				02F562A1200A4D1C66C90D43 /* libPods-RestaurantRoulette.a in Frameworks */,
			);
			runOnlyForDeploymentPostprocessing = 0;
		};
/* End PBXFrameworksBuildPhase section */

/* Begin PBXGroup section */
		2616F172BD24C7264CF8CD59 /* Frameworks */ = {
			isa = PBXGroup;
			children = (
				6970BE111B9A7AE3AAF6C8D4 /* libPods-RestaurantRoulette.a */,
			);
			name = Frameworks;
			sourceTree = "<group>";
		};
		C2C08A6624D473AA007FB484 = {
			isa = PBXGroup;
			children = (
				C2C08A9024D4B3C2007FB484 /* Podfile */,
				C2C08A7124D473AA007FB484 /* RestaurantRoulette */,
				C2C08A7024D473AA007FB484 /* Products */,
				FA703CC42753617E8CB035FA /* Pods */,
				2616F172BD24C7264CF8CD59 /* Frameworks */,
			);
			sourceTree = "<group>";
		};
		C2C08A7024D473AA007FB484 /* Products */ = {
			isa = PBXGroup;
			children = (
				C2C08A6F24D473AA007FB484 /* RestaurantRoulette.app */,
			);
			name = Products;
			sourceTree = "<group>";
		};
		C2C08A7124D473AA007FB484 /* RestaurantRoulette */ = {
			isa = PBXGroup;
			children = (
				C2C08A7224D473AA007FB484 /* AppDelegate.swift */,
				C2C08A8824D475B6007FB484 /* Config.swift */,
				C2C08A7424D473AA007FB484 /* SceneDelegate.swift */,
				C2C08A7624D473AA007FB484 /* ContentView.swift */,
				C2C08A8E24D4B1D9007FB484 /* GoogleMapsView.swift */,
				C277FF3724D8955200DC1B5E /* Result.swift */,
				C277FF3924D8970100DC1B5E /* GoogleData.swift */,
				C2C08A9224D4B4D4007FB484 /* LocationManager.swift */,
				C2C08A8A24D480B3007FB484 /* FilterView.swift */,
				C2C08A8C24D4ADDC007FB484 /* PriceView.swift */,
				C2C08A7824D473AE007FB484 /* Assets.xcassets */,
				C2C08A7D24D473AE007FB484 /* LaunchScreen.storyboard */,
				C2C08A8024D473AE007FB484 /* Info.plist */,
				C2C08A7A24D473AE007FB484 /* Preview Content */,
			);
			path = RestaurantRoulette;
			sourceTree = "<group>";
		};
		C2C08A7A24D473AE007FB484 /* Preview Content */ = {
			isa = PBXGroup;
			children = (
				C2C08A7B24D473AE007FB484 /* Preview Assets.xcassets */,
			);
			path = "Preview Content";
			sourceTree = "<group>";
		};
		FA703CC42753617E8CB035FA /* Pods */ = {
			isa = PBXGroup;
			children = (
				FA2D75B0C8EA74928BC4804F /* Pods-RestaurantRoulette.debug.xcconfig */,
				C09707DFC52386CDF3068E84 /* Pods-RestaurantRoulette.release.xcconfig */,
			);
			path = Pods;
			sourceTree = "<group>";
		};
/* End PBXGroup section */

/* Begin PBXNativeTarget section */
		C2C08A6E24D473AA007FB484 /* RestaurantRoulette */ = {
			isa = PBXNativeTarget;
			buildConfigurationList = C2C08A8324D473AE007FB484 /* Build configuration list for PBXNativeTarget "RestaurantRoulette" */;
			buildPhases = (
				D72CAF342D15FBA00988FAB6 /* [CP] Check Pods Manifest.lock */,
				C2C08A6B24D473AA007FB484 /* Sources */,
				C2C08A6C24D473AA007FB484 /* Frameworks */,
				C2C08A6D24D473AA007FB484 /* Resources */,
				4359AEE82B337297289838D2 /* [CP] Copy Pods Resources */,
			);
			buildRules = (
			);
			dependencies = (
			);
			name = RestaurantRoulette;
			productName = RestaurantRoulette;
			productReference = C2C08A6F24D473AA007FB484 /* RestaurantRoulette.app */;
			productType = "com.apple.product-type.application";
		};
/* End PBXNativeTarget section */

/* Begin PBXProject section */
		C2C08A6724D473AA007FB484 /* Project object */ = {
			isa = PBXProject;
			attributes = {
				LastSwiftUpdateCheck = 1140;
				LastUpgradeCheck = 1140;
				ORGANIZATIONNAME = "Vanessa Bergen";
				TargetAttributes = {
					C2C08A6E24D473AA007FB484 = {
						CreatedOnToolsVersion = 11.4.1;
					};
				};
			};
			buildConfigurationList = C2C08A6A24D473AA007FB484 /* Build configuration list for PBXProject "RestaurantRoulette" */;
			compatibilityVersion = "Xcode 9.3";
			developmentRegion = en;
			hasScannedForEncodings = 0;
			knownRegions = (
				en,
				Base,
			);
			mainGroup = C2C08A6624D473AA007FB484;
			productRefGroup = C2C08A7024D473AA007FB484 /* Products */;
			projectDirPath = "";
			projectRoot = "";
			targets = (
				C2C08A6E24D473AA007FB484 /* RestaurantRoulette */,
			);
		};
/* End PBXProject section */

/* Begin PBXResourcesBuildPhase section */
		C2C08A6D24D473AA007FB484 /* Resources */ = {
			isa = PBXResourcesBuildPhase;
			buildActionMask = 2147483647;
			files = (
				C2C08A7F24D473AE007FB484 /* LaunchScreen.storyboard in Resources */,
				C2C08A7C24D473AE007FB484 /* Preview Assets.xcassets in Resources */,
				C2C08A9124D4B3C2007FB484 /* Podfile in Resources */,
				C2C08A7924D473AE007FB484 /* Assets.xcassets in Resources */,
			);
			runOnlyForDeploymentPostprocessing = 0;
		};
/* End PBXResourcesBuildPhase section */

/* Begin PBXShellScriptBuildPhase section */
		4359AEE82B337297289838D2 /* [CP] Copy Pods Resources */ = {
			isa = PBXShellScriptBuildPhase;
			buildActionMask = 2147483647;
			files = (
			);
			inputFileListPaths = (
				"${PODS_ROOT}/Target Support Files/Pods-RestaurantRoulette/Pods-RestaurantRoulette-resources-${CONFIGURATION}-input-files.xcfilelist",
			);
			name = "[CP] Copy Pods Resources";
			outputFileListPaths = (
				"${PODS_ROOT}/Target Support Files/Pods-RestaurantRoulette/Pods-RestaurantRoulette-resources-${CONFIGURATION}-output-files.xcfilelist",
			);
			runOnlyForDeploymentPostprocessing = 0;
			shellPath = /bin/sh;
			shellScript = "\"${PODS_ROOT}/Target Support Files/Pods-RestaurantRoulette/Pods-RestaurantRoulette-resources.sh\"\n";
			showEnvVarsInLog = 0;
		};
		D72CAF342D15FBA00988FAB6 /* [CP] Check Pods Manifest.lock */ = {
			isa = PBXShellScriptBuildPhase;
			buildActionMask = 2147483647;
			files = (
			);
			inputFileListPaths = (
			);
			inputPaths = (
				"${PODS_PODFILE_DIR_PATH}/Podfile.lock",
				"${PODS_ROOT}/Manifest.lock",
			);
			name = "[CP] Check Pods Manifest.lock";
			outputFileListPaths = (
			);
			outputPaths = (
				"$(DERIVED_FILE_DIR)/Pods-RestaurantRoulette-checkManifestLockResult.txt",
			);
			runOnlyForDeploymentPostprocessing = 0;
			shellPath = /bin/sh;
			shellScript = "diff \"${PODS_PODFILE_DIR_PATH}/Podfile.lock\" \"${PODS_ROOT}/Manifest.lock\" > /dev/null\nif [ $? != 0 ] ; then\n    # print error to STDERR\n    echo \"error: The sandbox is not in sync with the Podfile.lock. Run 'pod install' or update your CocoaPods installation.\" >&2\n    exit 1\nfi\n# This output is used by Xcode 'outputs' to avoid re-running this script phase.\necho \"SUCCESS\" > \"${SCRIPT_OUTPUT_FILE_0}\"\n";
			showEnvVarsInLog = 0;
		};
/* End PBXShellScriptBuildPhase section */

/* Begin PBXSourcesBuildPhase section */
		C2C08A6B24D473AA007FB484 /* Sources */ = {
			isa = PBXSourcesBuildPhase;
			buildActionMask = 2147483647;
			files = (
				C277FF3824D8955200DC1B5E /* Result.swift in Sources */,
				C2C08A7324D473AA007FB484 /* AppDelegate.swift in Sources */,
				C277FF3A24D8970100DC1B5E /* GoogleData.swift in Sources */,
				C2C08A8F24D4B1D9007FB484 /* GoogleMapsView.swift in Sources */,
				C2C08A8924D475B6007FB484 /* Config.swift in Sources */,
				C2C08A8D24D4ADDC007FB484 /* PriceView.swift in Sources */,
				C2C08A9324D4B4D4007FB484 /* LocationManager.swift in Sources */,
				C2C08A7524D473AA007FB484 /* SceneDelegate.swift in Sources */,
				C2C08A8B24D480B3007FB484 /* FilterView.swift in Sources */,
				C2C08A7724D473AA007FB484 /* ContentView.swift in Sources */,
			);
			runOnlyForDeploymentPostprocessing = 0;
		};
/* End PBXSourcesBuildPhase section */

/* Begin PBXVariantGroup section */
		C2C08A7D24D473AE007FB484 /* LaunchScreen.storyboard */ = {
			isa = PBXVariantGroup;
			children = (
				C2C08A7E24D473AE007FB484 /* Base */,
			);
			name = LaunchScreen.storyboard;
			sourceTree = "<group>";
		};
/* End PBXVariantGroup section */

/* Begin XCBuildConfiguration section */
		C2C08A8124D473AE007FB484 /* Debug */ = {
			isa = XCBuildConfiguration;
			buildSettings = {
				ALWAYS_SEARCH_USER_PATHS = NO;
				CLANG_ANALYZER_NONNULL = YES;
				CLANG_ANALYZER_NUMBER_OBJECT_CONVERSION = YES_AGGRESSIVE;
				CLANG_CXX_LANGUAGE_STANDARD = "gnu++14";
				CLANG_CXX_LIBRARY = "libc++";
				CLANG_ENABLE_MODULES = YES;
				CLANG_ENABLE_OBJC_ARC = YES;
				CLANG_ENABLE_OBJC_WEAK = YES;
				CLANG_WARN_BLOCK_CAPTURE_AUTORELEASING = YES;
				CLANG_WARN_BOOL_CONVERSION = YES;
				CLANG_WARN_COMMA = YES;
				CLANG_WARN_CONSTANT_CONVERSION = YES;
				CLANG_WARN_DEPRECATED_OBJC_IMPLEMENTATIONS = YES;
				CLANG_WARN_DIRECT_OBJC_ISA_USAGE = YES_ERROR;
				CLANG_WARN_DOCUMENTATION_COMMENTS = YES;
				CLANG_WARN_EMPTY_BODY = YES;
				CLANG_WARN_ENUM_CONVERSION = YES;
				CLANG_WARN_INFINITE_RECURSION = YES;
				CLANG_WARN_INT_CONVERSION = YES;
				CLANG_WARN_NON_LITERAL_NULL_CONVERSION = YES;
				CLANG_WARN_OBJC_IMPLICIT_RETAIN_SELF = YES;
				CLANG_WARN_OBJC_LITERAL_CONVERSION = YES;
				CLANG_WARN_OBJC_ROOT_CLASS = YES_ERROR;
				CLANG_WARN_RANGE_LOOP_ANALYSIS = YES;
				CLANG_WARN_STRICT_PROTOTYPES = YES;
				CLANG_WARN_SUSPICIOUS_MOVE = YES;
				CLANG_WARN_UNGUARDED_AVAILABILITY = YES_AGGRESSIVE;
				CLANG_WARN_UNREACHABLE_CODE = YES;
				CLANG_WARN__DUPLICATE_METHOD_MATCH = YES;
				COPY_PHASE_STRIP = NO;
				DEBUG_INFORMATION_FORMAT = dwarf;
				ENABLE_STRICT_OBJC_MSGSEND = YES;
				ENABLE_TESTABILITY = YES;
				GCC_C_LANGUAGE_STANDARD = gnu11;
				GCC_DYNAMIC_NO_PIC = NO;
				GCC_NO_COMMON_BLOCKS = YES;
				GCC_OPTIMIZATION_LEVEL = 0;
				GCC_PREPROCESSOR_DEFINITIONS = (
					"DEBUG=1",
					"$(inherited)",
				);
				GCC_WARN_64_TO_32_BIT_CONVERSION = YES;
				GCC_WARN_ABOUT_RETURN_TYPE = YES_ERROR;
				GCC_WARN_UNDECLARED_SELECTOR = YES;
				GCC_WARN_UNINITIALIZED_AUTOS = YES_AGGRESSIVE;
				GCC_WARN_UNUSED_FUNCTION = YES;
				GCC_WARN_UNUSED_VARIABLE = YES;
				IPHONEOS_DEPLOYMENT_TARGET = 13.4;
				MTL_ENABLE_DEBUG_INFO = INCLUDE_SOURCE;
				MTL_FAST_MATH = YES;
				ONLY_ACTIVE_ARCH = YES;
				SDKROOT = iphoneos;
				SWIFT_ACTIVE_COMPILATION_CONDITIONS = DEBUG;
				SWIFT_OPTIMIZATION_LEVEL = "-Onone";
			};
			name = Debug;
		};
		C2C08A8224D473AE007FB484 /* Release */ = {
			isa = XCBuildConfiguration;
			buildSettings = {
				ALWAYS_SEARCH_USER_PATHS = NO;
				CLANG_ANALYZER_NONNULL = YES;
				CLANG_ANALYZER_NUMBER_OBJECT_CONVERSION = YES_AGGRESSIVE;
				CLANG_CXX_LANGUAGE_STANDARD = "gnu++14";
				CLANG_CXX_LIBRARY = "libc++";
				CLANG_ENABLE_MODULES = YES;
				CLANG_ENABLE_OBJC_ARC = YES;
				CLANG_ENABLE_OBJC_WEAK = YES;
				CLANG_WARN_BLOCK_CAPTURE_AUTORELEASING = YES;
				CLANG_WARN_BOOL_CONVERSION = YES;
				CLANG_WARN_COMMA = YES;
				CLANG_WARN_CONSTANT_CONVERSION = YES;
				CLANG_WARN_DEPRECATED_OBJC_IMPLEMENTATIONS = YES;
				CLANG_WARN_DIRECT_OBJC_ISA_USAGE = YES_ERROR;
				CLANG_WARN_DOCUMENTATION_COMMENTS = YES;
				CLANG_WARN_EMPTY_BODY = YES;
				CLANG_WARN_ENUM_CONVERSION = YES;
				CLANG_WARN_INFINITE_RECURSION = YES;
				CLANG_WARN_INT_CONVERSION = YES;
				CLANG_WARN_NON_LITERAL_NULL_CONVERSION = YES;
				CLANG_WARN_OBJC_IMPLICIT_RETAIN_SELF = YES;
				CLANG_WARN_OBJC_LITERAL_CONVERSION = YES;
				CLANG_WARN_OBJC_ROOT_CLASS = YES_ERROR;
				CLANG_WARN_RANGE_LOOP_ANALYSIS = YES;
				CLANG_WARN_STRICT_PROTOTYPES = YES;
				CLANG_WARN_SUSPICIOUS_MOVE = YES;
				CLANG_WARN_UNGUARDED_AVAILABILITY = YES_AGGRESSIVE;
				CLANG_WARN_UNREACHABLE_CODE = YES;
				CLANG_WARN__DUPLICATE_METHOD_MATCH = YES;
				COPY_PHASE_STRIP = NO;
				DEBUG_INFORMATION_FORMAT = "dwarf-with-dsym";
				ENABLE_NS_ASSERTIONS = NO;
				ENABLE_STRICT_OBJC_MSGSEND = YES;
				GCC_C_LANGUAGE_STANDARD = gnu11;
				GCC_NO_COMMON_BLOCKS = YES;
				GCC_WARN_64_TO_32_BIT_CONVERSION = YES;
				GCC_WARN_ABOUT_RETURN_TYPE = YES_ERROR;
				GCC_WARN_UNDECLARED_SELECTOR = YES;
				GCC_WARN_UNINITIALIZED_AUTOS = YES_AGGRESSIVE;
				GCC_WARN_UNUSED_FUNCTION = YES;
				GCC_WARN_UNUSED_VARIABLE = YES;
				IPHONEOS_DEPLOYMENT_TARGET = 13.4;
				MTL_ENABLE_DEBUG_INFO = NO;
				MTL_FAST_MATH = YES;
				SDKROOT = iphoneos;
				SWIFT_COMPILATION_MODE = wholemodule;
				SWIFT_OPTIMIZATION_LEVEL = "-O";
				VALIDATE_PRODUCT = YES;
			};
			name = Release;
		};
		C2C08A8424D473AE007FB484 /* Debug */ = {
			isa = XCBuildConfiguration;
			baseConfigurationReference = FA2D75B0C8EA74928BC4804F /* Pods-RestaurantRoulette.debug.xcconfig */;
			buildSettings = {
				ASSETCATALOG_COMPILER_APPICON_NAME = AppIcon;
				CODE_SIGN_STYLE = Automatic;
				DEVELOPMENT_ASSET_PATHS = "\"RestaurantRoulette/Preview Content\"";
				DEVELOPMENT_TEAM = DC5B64GRS6;
				ENABLE_PREVIEWS = YES;
				INFOPLIST_FILE = RestaurantRoulette/Info.plist;
				LD_RUNPATH_SEARCH_PATHS = (
					"$(inherited)",
					"@executable_path/Frameworks",
				);
				PRODUCT_BUNDLE_IDENTIFIER = com.vanessa.RestaurantRoulette;
				PRODUCT_NAME = "$(TARGET_NAME)";
				SWIFT_VERSION = 5.0;
				TARGETED_DEVICE_FAMILY = "1,2";
			};
			name = Debug;
		};
		C2C08A8524D473AE007FB484 /* Release */ = {
			isa = XCBuildConfiguration;
			baseConfigurationReference = C09707DFC52386CDF3068E84 /* Pods-RestaurantRoulette.release.xcconfig */;
			buildSettings = {
				ASSETCATALOG_COMPILER_APPICON_NAME = AppIcon;
				CODE_SIGN_STYLE = Automatic;
				DEVELOPMENT_ASSET_PATHS = "\"RestaurantRoulette/Preview Content\"";
				DEVELOPMENT_TEAM = DC5B64GRS6;
				ENABLE_PREVIEWS = YES;
				INFOPLIST_FILE = RestaurantRoulette/Info.plist;
				LD_RUNPATH_SEARCH_PATHS = (
					"$(inherited)",
					"@executable_path/Frameworks",
				);
				PRODUCT_BUNDLE_IDENTIFIER = com.vanessa.RestaurantRoulette;
				PRODUCT_NAME = "$(TARGET_NAME)";
				SWIFT_VERSION = 5.0;
				TARGETED_DEVICE_FAMILY = "1,2";
			};
			name = Release;
		};
/* End XCBuildConfiguration section */

/* Begin XCConfigurationList section */
		C2C08A6A24D473AA007FB484 /* Build configuration list for PBXProject "RestaurantRoulette" */ = {
			isa = XCConfigurationList;
			buildConfigurations = (
				C2C08A8124D473AE007FB484 /* Debug */,
				C2C08A8224D473AE007FB484 /* Release */,
			);
			defaultConfigurationIsVisible = 0;
			defaultConfigurationName = Release;
		};
		C2C08A8324D473AE007FB484 /* Build configuration list for PBXNativeTarget "RestaurantRoulette" */ = {
			isa = XCConfigurationList;
			buildConfigurations = (
				C2C08A8424D473AE007FB484 /* Debug */,
				C2C08A8524D473AE007FB484 /* Release */,
			);
			defaultConfigurationIsVisible = 0;
			defaultConfigurationName = Release;
		};
/* End XCConfigurationList section */
	};
	rootObject = C2C08A6724D473AA007FB484 /* Project object */;
}
